// !$*UTF8*$!
{
	archiveVersion = 1;
	classes = {
	};
	objectVersion = 56;
	objects = {

/* Begin PBXBuildFile section */
		6F00DBE1294E120600A3C3B7 /* PaymentMethodsView.swift in Sources */ = {isa = PBXBuildFile; fileRef = 6F00DBE0294E120600A3C3B7 /* PaymentMethodsView.swift */; };
		6F00DBE4294E125400A3C3B7 /* OppulenceToolbar.swift in Sources */ = {isa = PBXBuildFile; fileRef = 6F00DBE3294E125400A3C3B7 /* OppulenceToolbar.swift */; };
		6F00DBE6294E13BE00A3C3B7 /* PaymentMethodsMocks.swift in Sources */ = {isa = PBXBuildFile; fileRef = 6F00DBE5294E13BE00A3C3B7 /* PaymentMethodsMocks.swift */; };
		6F6A610429327BE3003CC2F4 /* ProductDetailsView.swift in Sources */ = {isa = PBXBuildFile; fileRef = 6F6A610329327BE3003CC2F4 /* ProductDetailsView.swift */; };
		6F6A610729327D8B003CC2F4 /* Product.swift in Sources */ = {isa = PBXBuildFile; fileRef = 6F6A610629327D8B003CC2F4 /* Product.swift */; };
		6F6A610929327E93003CC2F4 /* ProductMock.swift in Sources */ = {isa = PBXBuildFile; fileRef = 6F6A610829327E93003CC2F4 /* ProductMock.swift */; };
		6F6A610E293280A1003CC2F4 /* Double+Extension.swift in Sources */ = {isa = PBXBuildFile; fileRef = 6F6A610D293280A1003CC2F4 /* Double+Extension.swift */; };
		6F6A611029328932003CC2F4 /* UINavigationController+Extension.swift in Sources */ = {isa = PBXBuildFile; fileRef = 6F6A610F29328932003CC2F4 /* UINavigationController+Extension.swift */; };
		6FBB8FF929745479005D4C0A /* TrendingItem.swift in Sources */ = {isa = PBXBuildFile; fileRef = 6FBB8FF829745479005D4C0A /* TrendingItem.swift */; };
		6FBB8FFB29745654005D4C0A /* APIURLs.swift in Sources */ = {isa = PBXBuildFile; fileRef = 6FBB8FFA29745654005D4C0A /* APIURLs.swift */; };
		6FBB8FFD297458AD005D4C0A /* HomeViewModel.swift in Sources */ = {isa = PBXBuildFile; fileRef = 6FBB8FFC297458AD005D4C0A /* HomeViewModel.swift */; };
		6FBB8FFF2974590A005D4C0A /* ViewModel.swift in Sources */ = {isa = PBXBuildFile; fileRef = 6FBB8FFE2974590A005D4C0A /* ViewModel.swift */; };
		6FF8320229213C0F0068C270 /* OppulenceApp.swift in Sources */ = {isa = PBXBuildFile; fileRef = 6FF8320129213C0F0068C270 /* OppulenceApp.swift */; };
		6FF8320429213C0F0068C270 /* ContentView.swift in Sources */ = {isa = PBXBuildFile; fileRef = 6FF8320329213C0F0068C270 /* ContentView.swift */; };
		6FF8320629213C0F0068C270 /* Assets.xcassets in Resources */ = {isa = PBXBuildFile; fileRef = 6FF8320529213C0F0068C270 /* Assets.xcassets */; };
		6FF8320929213C0F0068C270 /* Preview Assets.xcassets in Resources */ = {isa = PBXBuildFile; fileRef = 6FF8320829213C0F0068C270 /* Preview Assets.xcassets */; };
		6FF8321129213C360068C270 /* HomeView.swift in Sources */ = {isa = PBXBuildFile; fileRef = 6FF8321029213C360068C270 /* HomeView.swift */; };
		6FF8321C29213D1B0068C270 /* DMSerifDisplay-Italic.ttf in Resources */ = {isa = PBXBuildFile; fileRef = 6FF8321429213D1B0068C270 /* DMSerifDisplay-Italic.ttf */; };
		6FF8321D29213D1B0068C270 /* DMSerifDisplay-Regular.ttf in Resources */ = {isa = PBXBuildFile; fileRef = 6FF8321529213D1B0068C270 /* DMSerifDisplay-Regular.ttf */; };
		6FF8321F29213D1B0068C270 /* Oxygen-Regular.ttf in Resources */ = {isa = PBXBuildFile; fileRef = 6FF8321829213D1B0068C270 /* Oxygen-Regular.ttf */; };
		6FF8322029213D1B0068C270 /* Oxygen-Light.ttf in Resources */ = {isa = PBXBuildFile; fileRef = 6FF8321929213D1B0068C270 /* Oxygen-Light.ttf */; };
		6FF8322229213D1B0068C270 /* Oxygen-Bold.ttf in Resources */ = {isa = PBXBuildFile; fileRef = 6FF8321B29213D1B0068C270 /* Oxygen-Bold.ttf */; };
		6FF8322529213DAB0068C270 /* FontsConstants.swift in Sources */ = {isa = PBXBuildFile; fileRef = 6FF8322429213DAB0068C270 /* FontsConstants.swift */; };
/* End PBXBuildFile section */

/* Begin PBXFileReference section */
		6F00DBE0294E120600A3C3B7 /* PaymentMethodsView.swift */ = {isa = PBXFileReference; lastKnownFileType = sourcecode.swift; path = PaymentMethodsView.swift; sourceTree = "<group>"; };
		6F00DBE3294E125400A3C3B7 /* OppulenceToolbar.swift */ = {isa = PBXFileReference; lastKnownFileType = sourcecode.swift; path = OppulenceToolbar.swift; sourceTree = "<group>"; };
		6F00DBE5294E13BE00A3C3B7 /* PaymentMethodsMocks.swift */ = {isa = PBXFileReference; lastKnownFileType = sourcecode.swift; path = PaymentMethodsMocks.swift; sourceTree = "<group>"; };
		6F6A610329327BE3003CC2F4 /* ProductDetailsView.swift */ = {isa = PBXFileReference; lastKnownFileType = sourcecode.swift; path = ProductDetailsView.swift; sourceTree = "<group>"; };
		6F6A610629327D8B003CC2F4 /* Product.swift */ = {isa = PBXFileReference; lastKnownFileType = sourcecode.swift; path = Product.swift; sourceTree = "<group>"; };
		6F6A610829327E93003CC2F4 /* ProductMock.swift */ = {isa = PBXFileReference; lastKnownFileType = sourcecode.swift; path = ProductMock.swift; sourceTree = "<group>"; };
		6F6A610D293280A1003CC2F4 /* Double+Extension.swift */ = {isa = PBXFileReference; lastKnownFileType = sourcecode.swift; path = "Double+Extension.swift"; sourceTree = "<group>"; };
		6F6A610F29328932003CC2F4 /* UINavigationController+Extension.swift */ = {isa = PBXFileReference; lastKnownFileType = sourcecode.swift; path = "UINavigationController+Extension.swift"; sourceTree = "<group>"; };
		6FBB8FF829745479005D4C0A /* TrendingItem.swift */ = {isa = PBXFileReference; lastKnownFileType = sourcecode.swift; path = TrendingItem.swift; sourceTree = "<group>"; };
		6FBB8FFA29745654005D4C0A /* APIURLs.swift */ = {isa = PBXFileReference; lastKnownFileType = sourcecode.swift; path = APIURLs.swift; sourceTree = "<group>"; };
		6FBB8FFC297458AD005D4C0A /* HomeViewModel.swift */ = {isa = PBXFileReference; lastKnownFileType = sourcecode.swift; path = HomeViewModel.swift; sourceTree = "<group>"; };
		6FBB8FFE2974590A005D4C0A /* ViewModel.swift */ = {isa = PBXFileReference; lastKnownFileType = sourcecode.swift; path = ViewModel.swift; sourceTree = "<group>"; };
		6FF831FE29213C0F0068C270 /* Oppulence.app */ = {isa = PBXFileReference; explicitFileType = wrapper.application; includeInIndex = 0; path = Oppulence.app; sourceTree = BUILT_PRODUCTS_DIR; };
		6FF8320129213C0F0068C270 /* OppulenceApp.swift */ = {isa = PBXFileReference; lastKnownFileType = sourcecode.swift; path = OppulenceApp.swift; sourceTree = "<group>"; };
		6FF8320329213C0F0068C270 /* ContentView.swift */ = {isa = PBXFileReference; lastKnownFileType = sourcecode.swift; path = ContentView.swift; sourceTree = "<group>"; };
		6FF8320529213C0F0068C270 /* Assets.xcassets */ = {isa = PBXFileReference; lastKnownFileType = folder.assetcatalog; path = Assets.xcassets; sourceTree = "<group>"; };
		6FF8320829213C0F0068C270 /* Preview Assets.xcassets */ = {isa = PBXFileReference; lastKnownFileType = folder.assetcatalog; path = "Preview Assets.xcassets"; sourceTree = "<group>"; };
		6FF8321029213C360068C270 /* HomeView.swift */ = {isa = PBXFileReference; lastKnownFileType = sourcecode.swift; path = HomeView.swift; sourceTree = "<group>"; };
		6FF8321429213D1B0068C270 /* DMSerifDisplay-Italic.ttf */ = {isa = PBXFileReference; lastKnownFileType = file; path = "DMSerifDisplay-Italic.ttf"; sourceTree = "<group>"; };
		6FF8321529213D1B0068C270 /* DMSerifDisplay-Regular.ttf */ = {isa = PBXFileReference; lastKnownFileType = file; path = "DMSerifDisplay-Regular.ttf"; sourceTree = "<group>"; };
		6FF8321829213D1B0068C270 /* Oxygen-Regular.ttf */ = {isa = PBXFileReference; lastKnownFileType = file; path = "Oxygen-Regular.ttf"; sourceTree = "<group>"; };
		6FF8321929213D1B0068C270 /* Oxygen-Light.ttf */ = {isa = PBXFileReference; lastKnownFileType = file; path = "Oxygen-Light.ttf"; sourceTree = "<group>"; };
		6FF8321B29213D1B0068C270 /* Oxygen-Bold.ttf */ = {isa = PBXFileReference; lastKnownFileType = file; path = "Oxygen-Bold.ttf"; sourceTree = "<group>"; };
		6FF8322329213D4B0068C270 /* Info.plist */ = {isa = PBXFileReference; lastKnownFileType = text.plist; path = Info.plist; sourceTree = "<group>"; };
		6FF8322429213DAB0068C270 /* FontsConstants.swift */ = {isa = PBXFileReference; lastKnownFileType = sourcecode.swift; path = FontsConstants.swift; sourceTree = "<group>"; };
/* End PBXFileReference section */

/* Begin PBXFrameworksBuildPhase section */
		6FF831FB29213C0F0068C270 /* Frameworks */ = {
			isa = PBXFrameworksBuildPhase;
			buildActionMask = 2147483647;
			files = (
			);
			runOnlyForDeploymentPostprocessing = 0;
		};
/* End PBXFrameworksBuildPhase section */

/* Begin PBXGroup section */
		6F00DBDE294E11C900A3C3B7 /* ProductDetailsView */ = {
			isa = PBXGroup;
			children = (
				6F6A610329327BE3003CC2F4 /* ProductDetailsView.swift */,
			);
			path = ProductDetailsView;
			sourceTree = "<group>";
		};
		6F00DBDF294E11EA00A3C3B7 /* PaymentMethodsView */ = {
			isa = PBXGroup;
			children = (
				6F00DBE0294E120600A3C3B7 /* PaymentMethodsView.swift */,
			);
			path = PaymentMethodsView;
			sourceTree = "<group>";
		};
		6F00DBE2294E124000A3C3B7 /* Components */ = {
			isa = PBXGroup;
			children = (
				6F00DBE3294E125400A3C3B7 /* OppulenceToolbar.swift */,
			);
			path = Components;
			sourceTree = "<group>";
		};
		6F0E75E62921456C00931DE6 /* HomeView */ = {
			isa = PBXGroup;
			children = (
				6FF8321029213C360068C270 /* HomeView.swift */,
				6FBB8FFC297458AD005D4C0A /* HomeViewModel.swift */,
			);
			path = HomeView;
			sourceTree = "<group>";
		};
		6F6A610529327D7F003CC2F4 /* Models */ = {
			isa = PBXGroup;
			children = (
				6F6A610629327D8B003CC2F4 /* Product.swift */,
				6FBB8FF829745479005D4C0A /* TrendingItem.swift */,
			);
			path = Models;
			sourceTree = "<group>";
		};
		6F6A610A29327E9E003CC2F4 /* Mocks */ = {
			isa = PBXGroup;
			children = (
				6F6A610829327E93003CC2F4 /* ProductMock.swift */,
				6F00DBE5294E13BE00A3C3B7 /* PaymentMethodsMocks.swift */,
			);
			path = Mocks;
			sourceTree = "<group>";
		};
		6F6A610B29328058003CC2F4 /* Utils */ = {
			isa = PBXGroup;
			children = (
				6F6A610C2932808D003CC2F4 /* Extensions */,
			);
			path = Utils;
			sourceTree = "<group>";
		};
		6F6A610C2932808D003CC2F4 /* Extensions */ = {
			isa = PBXGroup;
			children = (
				6F6A610D293280A1003CC2F4 /* Double+Extension.swift */,
				6F6A610F29328932003CC2F4 /* UINavigationController+Extension.swift */,
			);
			path = Extensions;
			sourceTree = "<group>";
		};
		6FBB8FF729745447005D4C0A /* Network */ = {
			isa = PBXGroup;
			children = (
				6FBB8FFA29745654005D4C0A /* APIURLs.swift */,
				6FBB8FFE2974590A005D4C0A /* ViewModel.swift */,
			);
			path = Network;
			sourceTree = "<group>";
		};
		6FF831F529213C0F0068C270 = {
			isa = PBXGroup;
			children = (
				6FF8320029213C0F0068C270 /* Oppulence */,
				6FF831FF29213C0F0068C270 /* Products */,
			);
			sourceTree = "<group>";
		};
		6FF831FF29213C0F0068C270 /* Products */ = {
			isa = PBXGroup;
			children = (
				6FF831FE29213C0F0068C270 /* Oppulence.app */,
			);
			name = Products;
			sourceTree = "<group>";
		};
		6FF8320029213C0F0068C270 /* Oppulence */ = {
			isa = PBXGroup;
			children = (
				6FBB8FF729745447005D4C0A /* Network */,
				6F00DBE2294E124000A3C3B7 /* Components */,
				6F6A610B29328058003CC2F4 /* Utils */,
				6F6A610A29327E9E003CC2F4 /* Mocks */,
				6F6A610529327D7F003CC2F4 /* Models */,
				6FF8322329213D4B0068C270 /* Info.plist */,
				6FF8321229213CD70068C270 /* Fonts */,
				6FF8320F29213C250068C270 /* Screens */,
				6FF8320129213C0F0068C270 /* OppulenceApp.swift */,
				6FF8320329213C0F0068C270 /* ContentView.swift */,
				6FF8320529213C0F0068C270 /* Assets.xcassets */,
				6FF8320729213C0F0068C270 /* Preview Content */,
			);
			path = Oppulence;
			sourceTree = "<group>";
		};
		6FF8320729213C0F0068C270 /* Preview Content */ = {
			isa = PBXGroup;
			children = (
				6FF8320829213C0F0068C270 /* Preview Assets.xcassets */,
			);
			path = "Preview Content";
			sourceTree = "<group>";
		};
		6FF8320F29213C250068C270 /* Screens */ = {
			isa = PBXGroup;
			children = (
				6F00DBDF294E11EA00A3C3B7 /* PaymentMethodsView */,
				6F00DBDE294E11C900A3C3B7 /* ProductDetailsView */,
				6F0E75E62921456C00931DE6 /* HomeView */,
			);
			path = Screens;
			sourceTree = "<group>";
		};
		6FF8321229213CD70068C270 /* Fonts */ = {
			isa = PBXGroup;
			children = (
				6FF8321329213D1B0068C270 /* DM_Serif_Display */,
				6FF8321729213D1B0068C270 /* Oxygen */,
				6FF8322429213DAB0068C270 /* FontsConstants.swift */,
			);
			path = Fonts;
			sourceTree = "<group>";
		};
		6FF8321329213D1B0068C270 /* DM_Serif_Display */ = {
			isa = PBXGroup;
			children = (
				6FF8321429213D1B0068C270 /* DMSerifDisplay-Italic.ttf */,
				6FF8321529213D1B0068C270 /* DMSerifDisplay-Regular.ttf */,
			);
			path = DM_Serif_Display;
			sourceTree = "<group>";
		};
		6FF8321729213D1B0068C270 /* Oxygen */ = {
			isa = PBXGroup;
			children = (
				6FF8321829213D1B0068C270 /* Oxygen-Regular.ttf */,
				6FF8321929213D1B0068C270 /* Oxygen-Light.ttf */,
				6FF8321B29213D1B0068C270 /* Oxygen-Bold.ttf */,
			);
			path = Oxygen;
			sourceTree = "<group>";
		};
/* End PBXGroup section */

/* Begin PBXNativeTarget section */
		6FF831FD29213C0F0068C270 /* Oppulence */ = {
			isa = PBXNativeTarget;
			buildConfigurationList = 6FF8320C29213C0F0068C270 /* Build configuration list for PBXNativeTarget "Oppulence" */;
			buildPhases = (
				6FF831FA29213C0F0068C270 /* Sources */,
				6FF831FB29213C0F0068C270 /* Frameworks */,
				6FF831FC29213C0F0068C270 /* Resources */,
			);
			buildRules = (
			);
			dependencies = (
			);
			name = Oppulence;
			packageProductDependencies = (
			);
			productName = Oppulence;
			productReference = 6FF831FE29213C0F0068C270 /* Oppulence.app */;
			productType = "com.apple.product-type.application";
		};
/* End PBXNativeTarget section */

/* Begin PBXProject section */
		6FF831F629213C0F0068C270 /* Project object */ = {
			isa = PBXProject;
			attributes = {
				BuildIndependentTargetsInParallel = 1;
				LastSwiftUpdateCheck = 1400;
				LastUpgradeCheck = 1400;
				TargetAttributes = {
					6FF831FD29213C0F0068C270 = {
						CreatedOnToolsVersion = 14.0.1;
					};
				};
			};
			buildConfigurationList = 6FF831F929213C0F0068C270 /* Build configuration list for PBXProject "Oppulence" */;
			compatibilityVersion = "Xcode 14.0";
			developmentRegion = en;
			hasScannedForEncodings = 0;
			knownRegions = (
				en,
				Base,
			);
			mainGroup = 6FF831F529213C0F0068C270;
			packageReferences = (
			);
			productRefGroup = 6FF831FF29213C0F0068C270 /* Products */;
			projectDirPath = "";
			projectRoot = "";
			targets = (
				6FF831FD29213C0F0068C270 /* Oppulence */,
			);
		};
/* End PBXProject section */

/* Begin PBXResourcesBuildPhase section */
		6FF831FC29213C0F0068C270 /* Resources */ = {
			isa = PBXResourcesBuildPhase;
			buildActionMask = 2147483647;
			files = (
				6FF8322229213D1B0068C270 /* Oxygen-Bold.ttf in Resources */,
				6FF8322029213D1B0068C270 /* Oxygen-Light.ttf in Resources */,
				6FF8321C29213D1B0068C270 /* DMSerifDisplay-Italic.ttf in Resources */,
				6FF8321D29213D1B0068C270 /* DMSerifDisplay-Regular.ttf in Resources */,
				6FF8321F29213D1B0068C270 /* Oxygen-Regular.ttf in Resources */,
				6FF8320929213C0F0068C270 /* Preview Assets.xcassets in Resources */,
				6FF8320629213C0F0068C270 /* Assets.xcassets in Resources */,
			);
			runOnlyForDeploymentPostprocessing = 0;
		};
/* End PBXResourcesBuildPhase section */

/* Begin PBXSourcesBuildPhase section */
		6FF831FA29213C0F0068C270 /* Sources */ = {
			isa = PBXSourcesBuildPhase;
			buildActionMask = 2147483647;
			files = (
				6FF8321129213C360068C270 /* HomeView.swift in Sources */,
				6FF8320429213C0F0068C270 /* ContentView.swift in Sources */,
				6FF8322529213DAB0068C270 /* FontsConstants.swift in Sources */,
				6FF8320229213C0F0068C270 /* OppulenceApp.swift in Sources */,
				6FBB8FFB29745654005D4C0A /* APIURLs.swift in Sources */,
				6F6A610E293280A1003CC2F4 /* Double+Extension.swift in Sources */,
				6FBB8FFF2974590A005D4C0A /* ViewModel.swift in Sources */,
				6F6A610929327E93003CC2F4 /* ProductMock.swift in Sources */,
				6F00DBE1294E120600A3C3B7 /* PaymentMethodsView.swift in Sources */,
				6F00DBE6294E13BE00A3C3B7 /* PaymentMethodsMocks.swift in Sources */,
				6F6A610429327BE3003CC2F4 /* ProductDetailsView.swift in Sources */,
				6FBB8FF929745479005D4C0A /* TrendingItem.swift in Sources */,
				6F6A610729327D8B003CC2F4 /* Product.swift in Sources */,
				6F6A611029328932003CC2F4 /* UINavigationController+Extension.swift in Sources */,
				6FBB8FFD297458AD005D4C0A /* HomeViewModel.swift in Sources */,
				6F00DBE4294E125400A3C3B7 /* OppulenceToolbar.swift in Sources */,
			);
			runOnlyForDeploymentPostprocessing = 0;
		};
/* End PBXSourcesBuildPhase section */

/* Begin XCBuildConfiguration section */
		6FF8320A29213C0F0068C270 /* Debug */ = {
			isa = XCBuildConfiguration;
			buildSettings = {
				ALWAYS_SEARCH_USER_PATHS = NO;
				CLANG_ANALYZER_NONNULL = YES;
				CLANG_ANALYZER_NUMBER_OBJECT_CONVERSION = YES_AGGRESSIVE;
				CLANG_CXX_LANGUAGE_STANDARD = "gnu++20";
				CLANG_ENABLE_MODULES = YES;
				CLANG_ENABLE_OBJC_ARC = YES;
				CLANG_ENABLE_OBJC_WEAK = YES;
				CLANG_WARN_BLOCK_CAPTURE_AUTORELEASING = YES;
				CLANG_WARN_BOOL_CONVERSION = YES;
				CLANG_WARN_COMMA = YES;
				CLANG_WARN_CONSTANT_CONVERSION = YES;
				CLANG_WARN_DEPRECATED_OBJC_IMPLEMENTATIONS = YES;
				CLANG_WARN_DIRECT_OBJC_ISA_USAGE = YES_ERROR;
				CLANG_WARN_DOCUMENTATION_COMMENTS = YES;
				CLANG_WARN_EMPTY_BODY = YES;
				CLANG_WARN_ENUM_CONVERSION = YES;
				CLANG_WARN_INFINITE_RECURSION = YES;
				CLANG_WARN_INT_CONVERSION = YES;
				CLANG_WARN_NON_LITERAL_NULL_CONVERSION = YES;
				CLANG_WARN_OBJC_IMPLICIT_RETAIN_SELF = YES;
				CLANG_WARN_OBJC_LITERAL_CONVERSION = YES;
				CLANG_WARN_OBJC_ROOT_CLASS = YES_ERROR;
				CLANG_WARN_QUOTED_INCLUDE_IN_FRAMEWORK_HEADER = YES;
				CLANG_WARN_RANGE_LOOP_ANALYSIS = YES;
				CLANG_WARN_STRICT_PROTOTYPES = YES;
				CLANG_WARN_SUSPICIOUS_MOVE = YES;
				CLANG_WARN_UNGUARDED_AVAILABILITY = YES_AGGRESSIVE;
				CLANG_WARN_UNREACHABLE_CODE = YES;
				CLANG_WARN__DUPLICATE_METHOD_MATCH = YES;
				COPY_PHASE_STRIP = NO;
				DEBUG_INFORMATION_FORMAT = dwarf;
				ENABLE_STRICT_OBJC_MSGSEND = YES;
				ENABLE_TESTABILITY = YES;
				GCC_C_LANGUAGE_STANDARD = gnu11;
				GCC_DYNAMIC_NO_PIC = NO;
				GCC_NO_COMMON_BLOCKS = YES;
				GCC_OPTIMIZATION_LEVEL = 0;
				GCC_PREPROCESSOR_DEFINITIONS = (
					"DEBUG=1",
					"$(inherited)",
				);
				GCC_WARN_64_TO_32_BIT_CONVERSION = YES;
				GCC_WARN_ABOUT_RETURN_TYPE = YES_ERROR;
				GCC_WARN_UNDECLARED_SELECTOR = YES;
				GCC_WARN_UNINITIALIZED_AUTOS = YES_AGGRESSIVE;
				GCC_WARN_UNUSED_FUNCTION = YES;
				GCC_WARN_UNUSED_VARIABLE = YES;
				IPHONEOS_DEPLOYMENT_TARGET = 16.0;
				MTL_ENABLE_DEBUG_INFO = INCLUDE_SOURCE;
				MTL_FAST_MATH = YES;
				ONLY_ACTIVE_ARCH = YES;
				SDKROOT = iphoneos;
				SWIFT_ACTIVE_COMPILATION_CONDITIONS = DEBUG;
				SWIFT_OPTIMIZATION_LEVEL = "-Onone";
			};
			name = Debug;
		};
		6FF8320B29213C0F0068C270 /* Release */ = {
			isa = XCBuildConfiguration;
			buildSettings = {
				ALWAYS_SEARCH_USER_PATHS = NO;
				CLANG_ANALYZER_NONNULL = YES;
				CLANG_ANALYZER_NUMBER_OBJECT_CONVERSION = YES_AGGRESSIVE;
				CLANG_CXX_LANGUAGE_STANDARD = "gnu++20";
				CLANG_ENABLE_MODULES = YES;
				CLANG_ENABLE_OBJC_ARC = YES;
				CLANG_ENABLE_OBJC_WEAK = YES;
				CLANG_WARN_BLOCK_CAPTURE_AUTORELEASING = YES;
				CLANG_WARN_BOOL_CONVERSION = YES;
				CLANG_WARN_COMMA = YES;
				CLANG_WARN_CONSTANT_CONVERSION = YES;
				CLANG_WARN_DEPRECATED_OBJC_IMPLEMENTATIONS = YES;
				CLANG_WARN_DIRECT_OBJC_ISA_USAGE = YES_ERROR;
				CLANG_WARN_DOCUMENTATION_COMMENTS = YES;
				CLANG_WARN_EMPTY_BODY = YES;
				CLANG_WARN_ENUM_CONVERSION = YES;
				CLANG_WARN_INFINITE_RECURSION = YES;
				CLANG_WARN_INT_CONVERSION = YES;
				CLANG_WARN_NON_LITERAL_NULL_CONVERSION = YES;
				CLANG_WARN_OBJC_IMPLICIT_RETAIN_SELF = YES;
				CLANG_WARN_OBJC_LITERAL_CONVERSION = YES;
				CLANG_WARN_OBJC_ROOT_CLASS = YES_ERROR;
				CLANG_WARN_QUOTED_INCLUDE_IN_FRAMEWORK_HEADER = YES;
				CLANG_WARN_RANGE_LOOP_ANALYSIS = YES;
				CLANG_WARN_STRICT_PROTOTYPES = YES;
				CLANG_WARN_SUSPICIOUS_MOVE = YES;
				CLANG_WARN_UNGUARDED_AVAILABILITY = YES_AGGRESSIVE;
				CLANG_WARN_UNREACHABLE_CODE = YES;
				CLANG_WARN__DUPLICATE_METHOD_MATCH = YES;
				COPY_PHASE_STRIP = NO;
				DEBUG_INFORMATION_FORMAT = "dwarf-with-dsym";
				ENABLE_NS_ASSERTIONS = NO;
				ENABLE_STRICT_OBJC_MSGSEND = YES;
				GCC_C_LANGUAGE_STANDARD = gnu11;
				GCC_NO_COMMON_BLOCKS = YES;
				GCC_WARN_64_TO_32_BIT_CONVERSION = YES;
				GCC_WARN_ABOUT_RETURN_TYPE = YES_ERROR;
				GCC_WARN_UNDECLARED_SELECTOR = YES;
				GCC_WARN_UNINITIALIZED_AUTOS = YES_AGGRESSIVE;
				GCC_WARN_UNUSED_FUNCTION = YES;
				GCC_WARN_UNUSED_VARIABLE = YES;
				IPHONEOS_DEPLOYMENT_TARGET = 16.0;
				MTL_ENABLE_DEBUG_INFO = NO;
				MTL_FAST_MATH = YES;
				SDKROOT = iphoneos;
				SWIFT_COMPILATION_MODE = wholemodule;
				SWIFT_OPTIMIZATION_LEVEL = "-O";
				VALIDATE_PRODUCT = YES;
			};
			name = Release;
		};
		6FF8320D29213C0F0068C270 /* Debug */ = {
			isa = XCBuildConfiguration;
			buildSettings = {
				ASSETCATALOG_COMPILER_APPICON_NAME = AppIcon;
				ASSETCATALOG_COMPILER_GLOBAL_ACCENT_COLOR_NAME = AccentColor;
				CODE_SIGN_STYLE = Automatic;
				CURRENT_PROJECT_VERSION = 1;
				DEVELOPMENT_ASSET_PATHS = "\"Oppulence/Preview Content\"";
				ENABLE_PREVIEWS = YES;
				GENERATE_INFOPLIST_FILE = YES;
				INFOPLIST_FILE = Oppulence/Info.plist;
				INFOPLIST_KEY_UIApplicationSceneManifest_Generation = YES;
				INFOPLIST_KEY_UIApplicationSupportsIndirectInputEvents = YES;
				INFOPLIST_KEY_UILaunchScreen_Generation = YES;
				INFOPLIST_KEY_UISupportedInterfaceOrientations_iPad = "UIInterfaceOrientationPortrait UIInterfaceOrientationPortraitUpsideDown UIInterfaceOrientationLandscapeLeft UIInterfaceOrientationLandscapeRight";
				INFOPLIST_KEY_UISupportedInterfaceOrientations_iPhone = "UIInterfaceOrientationPortrait UIInterfaceOrientationLandscapeLeft UIInterfaceOrientationLandscapeRight";
				LD_RUNPATH_SEARCH_PATHS = (
					"$(inherited)",
					"@executable_path/Frameworks",
				);
				MARKETING_VERSION = 1.0;
				PRODUCT_BUNDLE_IDENTIFIER = com.thalles.store.Oppulence;
				PRODUCT_NAME = "$(TARGET_NAME)";
				SWIFT_EMIT_LOC_STRINGS = YES;
				SWIFT_VERSION = 5.0;
				TARGETED_DEVICE_FAMILY = "1,2";
			};
			name = Debug;
		};
		6FF8320E29213C0F0068C270 /* Release */ = {
			isa = XCBuildConfiguration;
			buildSettings = {
				ASSETCATALOG_COMPILER_APPICON_NAME = AppIcon;
				ASSETCATALOG_COMPILER_GLOBAL_ACCENT_COLOR_NAME = AccentColor;
				CODE_SIGN_STYLE = Automatic;
				CURRENT_PROJECT_VERSION = 1;
				DEVELOPMENT_ASSET_PATHS = "\"Oppulence/Preview Content\"";
				ENABLE_PREVIEWS = YES;
				GENERATE_INFOPLIST_FILE = YES;
				INFOPLIST_FILE = Oppulence/Info.plist;
				INFOPLIST_KEY_UIApplicationSceneManifest_Generation = YES;
				INFOPLIST_KEY_UIApplicationSupportsIndirectInputEvents = YES;
				INFOPLIST_KEY_UILaunchScreen_Generation = YES;
				INFOPLIST_KEY_UISupportedInterfaceOrientations_iPad = "UIInterfaceOrientationPortrait UIInterfaceOrientationPortraitUpsideDown UIInterfaceOrientationLandscapeLeft UIInterfaceOrientationLandscapeRight";
				INFOPLIST_KEY_UISupportedInterfaceOrientations_iPhone = "UIInterfaceOrientationPortrait UIInterfaceOrientationLandscapeLeft UIInterfaceOrientationLandscapeRight";
				LD_RUNPATH_SEARCH_PATHS = (
					"$(inherited)",
					"@executable_path/Frameworks",
				);
				MARKETING_VERSION = 1.0;
				PRODUCT_BUNDLE_IDENTIFIER = com.thalles.store.Oppulence;
				PRODUCT_NAME = "$(TARGET_NAME)";
				SWIFT_EMIT_LOC_STRINGS = YES;
				SWIFT_VERSION = 5.0;
				TARGETED_DEVICE_FAMILY = "1,2";
			};
			name = Release;
		};
/* End XCBuildConfiguration section */

/* Begin XCConfigurationList section */
		6FF831F929213C0F0068C270 /* Build configuration list for PBXProject "Oppulence" */ = {
			isa = XCConfigurationList;
			buildConfigurations = (
				6FF8320A29213C0F0068C270 /* Debug */,
				6FF8320B29213C0F0068C270 /* Release */,
			);
			defaultConfigurationIsVisible = 0;
			defaultConfigurationName = Release;
		};
		6FF8320C29213C0F0068C270 /* Build configuration list for PBXNativeTarget "Oppulence" */ = {
			isa = XCConfigurationList;
			buildConfigurations = (
				6FF8320D29213C0F0068C270 /* Debug */,
				6FF8320E29213C0F0068C270 /* Release */,
			);
			defaultConfigurationIsVisible = 0;
			defaultConfigurationName = Release;
		};
/* End XCConfigurationList section */
	};
	rootObject = 6FF831F629213C0F0068C270 /* Project object */;
}
